
Microsoft Visual Studio Solution File, Format Version 12.00
# Visual Studio Version 17
VisualStudioVersion = 17.14.36616.10 d17.14
MinimumVisualStudioVersion = 10.0.40219.1
Project("{FAE04EC0-301F-11D3-BF4B-00C04F79EFBC}") = "btreimagined", "btreimagined.csproj", "{B7F71FAE-77D2-4623-B996-E47FB449B6EC}"
EndProject
Global
	GlobalSection(SolutionConfigurationPlatforms) = preSolution
		Debug|Any CPU = Debug|Any CPU
		Release|Any CPU = Release|Any CPU
	EndGlobalSection
	GlobalSection(ProjectConfigurationPlatforms) = postSolution
		{B7F71FAE-77D2-4623-B996-E47FB449B6EC}.Debug|Any CPU.ActiveCfg = Debug|Any CPU
		{B7F71FAE-77D2-4623-B996-E47FB449B6EC}.Debug|Any CPU.Build.0 = Debug|Any CPU
		{B7F71FAE-77D2-4623-B996-E47FB449B6EC}.Release|Any CPU.ActiveCfg = Release|Any CPU
		{B7F71FAE-77D2-4623-B996-E47FB449B6EC}.Release|Any CPU.Build.0 = Release|Any CPU
	EndGlobalSection
	GlobalSection(SolutionProperties) = preSolution
		HideSolutionNode = FALSE
	EndGlobalSection
	GlobalSection(ExtensibilityGlobals) = postSolution
		SolutionGuid = {54CB9A10-1975-4DE3-83C8-604EEC053BCB}
	EndGlobalSection
EndGlobal
